
Microsoft Visual Studio Solution File, Format Version 12.00
# Visual Studio 15
Project("{FAE04EC0-301F-11D3-BF4B-00C04F79EFBC}") = "idea-financial-angular", "idea-financial-angular\idea-financial-angular.csproj", "{224005AB-5876-4685-A9D2-2CA8D6C25138}"
EndProject
Global
	GlobalSection(SolutionConfigurationPlatforms) = preSolution
		Debug|Any CPU = Debug|Any CPU
		Release|Any CPU = Release|Any CPU
	EndGlobalSection
	GlobalSection(ProjectConfigurationPlatforms) = postSolution
		{224005AB-5876-4685-A9D2-2CA8D6C25138}.Debug|Any CPU.ActiveCfg = Debug|Any CPU
		{224005AB-5876-4685-A9D2-2CA8D6C25138}.Debug|Any CPU.Build.0 = Debug|Any CPU
		{224005AB-5876-4685-A9D2-2CA8D6C25138}.Release|Any CPU.ActiveCfg = Release|Any CPU
		{224005AB-5876-4685-A9D2-2CA8D6C25138}.Release|Any CPU.Build.0 = Release|Any CPU
	EndGlobalSection
EndGlobal
